
Microsoft Visual Studio Solution File, Format Version 12.00
# Visual Studio Version 16
VisualStudioVersion = 16.0.30804.86
MinimumVisualStudioVersion = 10.0.40219.1
Project("{FAE04EC0-301F-11D3-BF4B-00C04F79EFBC}") = "zazvdania3", "zazvdania3\zazvdania3.csproj", "{0263668F-D7F7-4AF3-A40F-9210F2370E75}"
EndProject
Global
	GlobalSection(SolutionConfigurationPlatforms) = preSolution
		Debug|Any CPU = Debug|Any CPU
		Release|Any CPU = Release|Any CPU
	EndGlobalSection
	GlobalSection(ProjectConfigurationPlatforms) = postSolution
		{0263668F-D7F7-4AF3-A40F-9210F2370E75}.Debug|Any CPU.ActiveCfg = Debug|Any CPU
		{0263668F-D7F7-4AF3-A40F-9210F2370E75}.Debug|Any CPU.Build.0 = Debug|Any CPU
		{0263668F-D7F7-4AF3-A40F-9210F2370E75}.Release|Any CPU.ActiveCfg = Release|Any CPU
		{0263668F-D7F7-4AF3-A40F-9210F2370E75}.Release|Any CPU.Build.0 = Release|Any CPU
	EndGlobalSection
	GlobalSection(SolutionProperties) = preSolution
		HideSolutionNode = FALSE
	EndGlobalSection
	GlobalSection(ExtensibilityGlobals) = postSolution
		SolutionGuid = {46DDBAFC-C532-40EC-B2FE-54A465F028D5}
	EndGlobalSection
EndGlobal
